
Microsoft Visual Studio Solution File, Format Version 12.00
# Visual Studio Version 16
VisualStudioVersion = 16.0.29911.84
MinimumVisualStudioVersion = 10.0.40219.1
Project("{FAE04EC0-301F-11D3-BF4B-00C04F79EFBC}") = "RepoManager.Desktop", "Code\RepoManager.Desktop\RepoManager.Desktop.csproj", "{729A2B61-1744-4484-B1FF-5250FDDC5271}"
EndProject
Project("{54435603-DBB4-11D2-8724-00A0C9A8B90C}") = "RepoManager.Setup", "Code\RepoManager.Setup\RepoManager.Setup.vdproj", "{FD25EE7D-FB28-487E-A103-6FCA90486354}"
EndProject
Global
	GlobalSection(SolutionConfigurationPlatforms) = preSolution
		Debug|Any CPU = Debug|Any CPU
		Release|Any CPU = Release|Any CPU
	EndGlobalSection
	GlobalSection(ProjectConfigurationPlatforms) = postSolution
		{729A2B61-1744-4484-B1FF-5250FDDC5271}.Debug|Any CPU.ActiveCfg = Debug|Any CPU
		{729A2B61-1744-4484-B1FF-5250FDDC5271}.Debug|Any CPU.Build.0 = Debug|Any CPU
		{729A2B61-1744-4484-B1FF-5250FDDC5271}.Release|Any CPU.ActiveCfg = Release|Any CPU
		{729A2B61-1744-4484-B1FF-5250FDDC5271}.Release|Any CPU.Build.0 = Release|Any CPU
		{FD25EE7D-FB28-487E-A103-6FCA90486354}.Debug|Any CPU.ActiveCfg = Debug
		{FD25EE7D-FB28-487E-A103-6FCA90486354}.Release|Any CPU.ActiveCfg = Release
	EndGlobalSection
	GlobalSection(SolutionProperties) = preSolution
		HideSolutionNode = FALSE
	EndGlobalSection
	GlobalSection(ExtensibilityGlobals) = postSolution
		SolutionGuid = {07D2CACF-94C6-45FD-82C2-80F6D59CE46F}
	EndGlobalSection
EndGlobal
